
Microsoft Visual Studio Solution File, Format Version 12.00
# Visual Studio Version 16
VisualStudioVersion = 16.0.30621.155
MinimumVisualStudioVersion = 10.0.40219.1
Project("{9A19103F-16F7-4668-BE54-9A1E7A4F7556}") = "Domain", "Domain\Domain.csproj", "{52724A34-A8DA-4D66-9906-3517D77B35E3}"
EndProject
Project("{9A19103F-16F7-4668-BE54-9A1E7A4F7556}") = "Application", "Application\Application.csproj", "{6E40068E-6B20-48E0-9E62-C37B0D0093D2}"
EndProject
Project("{9A19103F-16F7-4668-BE54-9A1E7A4F7556}") = "Api", "Api\Api.csproj", "{5D55071E-FEF7-4A5E-ABB5-1009FC7747AF}"
EndProject
Project("{9A19103F-16F7-4668-BE54-9A1E7A4F7556}") = "Infrastructure.EntityFramework", "Infrastructure\Infrastructure.EntityFramework.csproj", "{56D6C1D8-1DAB-46B3-8D44-0949D3FAE03D}"
EndProject
Project("{9A19103F-16F7-4668-BE54-9A1E7A4F7556}") = "Resources", "Resources\Resources.csproj", "{58E51E68-DD2D-4009-8377-942F05AE823F}"
EndProject
Project("{9A19103F-16F7-4668-BE54-9A1E7A4F7556}") = "Domain.Tests", "Domain.Tests\Domain.Tests.csproj", "{E43BB3E8-E384-4B1C-96C9-7386CC91CB49}"
EndProject
Project("{2150E333-8FDC-42A3-9474-1A3956D46DE8}") = "1 - Api", "1 - Api", "{2969CA35-F034-4F0A-8FCD-0A0E4B1F9AC8}"
EndProject
Project("{2150E333-8FDC-42A3-9474-1A3956D46DE8}") = "2 - Application", "2 - Application", "{430599A5-59E3-4591-AE3C-AFADBF010B0B}"
EndProject
Project("{2150E333-8FDC-42A3-9474-1A3956D46DE8}") = "3 - Domain", "3 - Domain", "{954B8CE5-AECE-4558-95B0-407423E2A32B}"
EndProject
Project("{2150E333-8FDC-42A3-9474-1A3956D46DE8}") = "4 - Infrastructure", "4 - Infrastructure", "{D78F7058-1280-4B7A-B52B-6720B71C3054}"
EndProject
Global
	GlobalSection(SolutionConfigurationPlatforms) = preSolution
		Debug|Any CPU = Debug|Any CPU
		Release|Any CPU = Release|Any CPU
	EndGlobalSection
	GlobalSection(ProjectConfigurationPlatforms) = postSolution
		{52724A34-A8DA-4D66-9906-3517D77B35E3}.Debug|Any CPU.ActiveCfg = Debug|Any CPU
		{52724A34-A8DA-4D66-9906-3517D77B35E3}.Debug|Any CPU.Build.0 = Debug|Any CPU
		{52724A34-A8DA-4D66-9906-3517D77B35E3}.Release|Any CPU.ActiveCfg = Release|Any CPU
		{52724A34-A8DA-4D66-9906-3517D77B35E3}.Release|Any CPU.Build.0 = Release|Any CPU
		{6E40068E-6B20-48E0-9E62-C37B0D0093D2}.Debug|Any CPU.ActiveCfg = Debug|Any CPU
		{6E40068E-6B20-48E0-9E62-C37B0D0093D2}.Debug|Any CPU.Build.0 = Debug|Any CPU
		{6E40068E-6B20-48E0-9E62-C37B0D0093D2}.Release|Any CPU.ActiveCfg = Release|Any CPU
		{6E40068E-6B20-48E0-9E62-C37B0D0093D2}.Release|Any CPU.Build.0 = Release|Any CPU
		{5D55071E-FEF7-4A5E-ABB5-1009FC7747AF}.Debug|Any CPU.ActiveCfg = Debug|Any CPU
		{5D55071E-FEF7-4A5E-ABB5-1009FC7747AF}.Debug|Any CPU.Build.0 = Debug|Any CPU
		{5D55071E-FEF7-4A5E-ABB5-1009FC7747AF}.Release|Any CPU.ActiveCfg = Release|Any CPU
		{5D55071E-FEF7-4A5E-ABB5-1009FC7747AF}.Release|Any CPU.Build.0 = Release|Any CPU
		{56D6C1D8-1DAB-46B3-8D44-0949D3FAE03D}.Debug|Any CPU.ActiveCfg = Debug|Any CPU
		{56D6C1D8-1DAB-46B3-8D44-0949D3FAE03D}.Debug|Any CPU.Build.0 = Debug|Any CPU
		{56D6C1D8-1DAB-46B3-8D44-0949D3FAE03D}.Release|Any CPU.ActiveCfg = Release|Any CPU
		{56D6C1D8-1DAB-46B3-8D44-0949D3FAE03D}.Release|Any CPU.Build.0 = Release|Any CPU
		{58E51E68-DD2D-4009-8377-942F05AE823F}.Debug|Any CPU.ActiveCfg = Debug|Any CPU
		{58E51E68-DD2D-4009-8377-942F05AE823F}.Debug|Any CPU.Build.0 = Debug|Any CPU
		{58E51E68-DD2D-4009-8377-942F05AE823F}.Release|Any CPU.ActiveCfg = Release|Any CPU
		{58E51E68-DD2D-4009-8377-942F05AE823F}.Release|Any CPU.Build.0 = Release|Any CPU
		{E43BB3E8-E384-4B1C-96C9-7386CC91CB49}.Debug|Any CPU.ActiveCfg = Debug|Any CPU
		{E43BB3E8-E384-4B1C-96C9-7386CC91CB49}.Debug|Any CPU.Build.0 = Debug|Any CPU
		{E43BB3E8-E384-4B1C-96C9-7386CC91CB49}.Release|Any CPU.ActiveCfg = Release|Any CPU
		{E43BB3E8-E384-4B1C-96C9-7386CC91CB49}.Release|Any CPU.Build.0 = Release|Any CPU
	EndGlobalSection
	GlobalSection(SolutionProperties) = preSolution
		HideSolutionNode = FALSE
	EndGlobalSection
	GlobalSection(NestedProjects) = preSolution
		{52724A34-A8DA-4D66-9906-3517D77B35E3} = {954B8CE5-AECE-4558-95B0-407423E2A32B}
		{6E40068E-6B20-48E0-9E62-C37B0D0093D2} = {430599A5-59E3-4591-AE3C-AFADBF010B0B}
		{5D55071E-FEF7-4A5E-ABB5-1009FC7747AF} = {2969CA35-F034-4F0A-8FCD-0A0E4B1F9AC8}
		{56D6C1D8-1DAB-46B3-8D44-0949D3FAE03D} = {D78F7058-1280-4B7A-B52B-6720B71C3054}
		{E43BB3E8-E384-4B1C-96C9-7386CC91CB49} = {954B8CE5-AECE-4558-95B0-407423E2A32B}
	EndGlobalSection
	GlobalSection(ExtensibilityGlobals) = postSolution
		SolutionGuid = {038189E8-9E6C-4C4A-BC71-58979D0ADA95}
	EndGlobalSection
EndGlobal
